
Microsoft Visual Studio Solution File, Format Version 12.00
# Visual Studio Version 17
VisualStudioVersion = 17.5.33502.453
MinimumVisualStudioVersion = 10.0.40219.1
Project("{8BC9CEB8-8B4A-11D0-8D11-00A0C91BC942}") = "sd4", "sd4\sd4.vcxproj", "{C1EA83B9-B70E-4DBA-A01C-6C1FFEF17E51}"
EndProject
Global
	GlobalSection(SolutionConfigurationPlatforms) = preSolution
		Debug|x64 = Debug|x64
		Debug|x86 = Debug|x86
		Release|x64 = Release|x64
		Release|x86 = Release|x86
	EndGlobalSection
	GlobalSection(ProjectConfigurationPlatforms) = postSolution
		{C1EA83B9-B70E-4DBA-A01C-6C1FFEF17E51}.Debug|x64.ActiveCfg = Debug|x64
		{C1EA83B9-B70E-4DBA-A01C-6C1FFEF17E51}.Debug|x64.Build.0 = Debug|x64
		{C1EA83B9-B70E-4DBA-A01C-6C1FFEF17E51}.Debug|x86.ActiveCfg = Debug|Win32
		{C1EA83B9-B70E-4DBA-A01C-6C1FFEF17E51}.Debug|x86.Build.0 = Debug|Win32
		{C1EA83B9-B70E-4DBA-A01C-6C1FFEF17E51}.Release|x64.ActiveCfg = Release|x64
		{C1EA83B9-B70E-4DBA-A01C-6C1FFEF17E51}.Release|x64.Build.0 = Release|x64
		{C1EA83B9-B70E-4DBA-A01C-6C1FFEF17E51}.Release|x86.ActiveCfg = Release|Win32
		{C1EA83B9-B70E-4DBA-A01C-6C1FFEF17E51}.Release|x86.Build.0 = Release|Win32
	EndGlobalSection
	GlobalSection(SolutionProperties) = preSolution
		HideSolutionNode = FALSE
	EndGlobalSection
	GlobalSection(ExtensibilityGlobals) = postSolution
		SolutionGuid = {64C526A2-204B-4C62-ACD2-AB29177C5A88}
	EndGlobalSection
EndGlobal
